
Microsoft Visual Studio Solution File, Format Version 12.00
# Visual Studio Version 17
VisualStudioVersion = 17.7.34018.315
MinimumVisualStudioVersion = 10.0.40219.1
Project("{FAE04EC0-301F-11D3-BF4B-00C04F79EFBC}") = "TaskManagementBackEnd", "TaskManagementBackEnd\TaskManagementBackEnd.csproj", "{F27EC584-DF73-4F01-ACBD-357D7EC80566}"
EndProject
Global
	GlobalSection(SolutionConfigurationPlatforms) = preSolution
		Debug|Any CPU = Debug|Any CPU
		Release|Any CPU = Release|Any CPU
	EndGlobalSection
	GlobalSection(ProjectConfigurationPlatforms) = postSolution
		{F27EC584-DF73-4F01-ACBD-357D7EC80566}.Debug|Any CPU.ActiveCfg = Debug|Any CPU
		{F27EC584-DF73-4F01-ACBD-357D7EC80566}.Debug|Any CPU.Build.0 = Debug|Any CPU
		{F27EC584-DF73-4F01-ACBD-357D7EC80566}.Release|Any CPU.ActiveCfg = Release|Any CPU
		{F27EC584-DF73-4F01-ACBD-357D7EC80566}.Release|Any CPU.Build.0 = Release|Any CPU
	EndGlobalSection
	GlobalSection(SolutionProperties) = preSolution
		HideSolutionNode = FALSE
	EndGlobalSection
	GlobalSection(ExtensibilityGlobals) = postSolution
		SolutionGuid = {BC4F3D75-BAE7-426E-99B9-20269A9FA82B}
	EndGlobalSection
EndGlobal
